
Microsoft Visual Studio Solution File, Format Version 12.00
# Visual Studio Version 17
VisualStudioVersion = 17.8.34525.116
MinimumVisualStudioVersion = 10.0.40219.1
Project("{9A19103F-16F7-4668-BE54-9A1E7A4F7556}") = "FirstConsoleApp.OutputDemo_MatiasNizzola", "ConsoleApp.OutputDemo\FirstConsoleApp.OutputDemo_MatiasNizzola.csproj", "{E5279085-1757-4A7D-AD8D-FC893E1F7257}"
EndProject
Project("{9A19103F-16F7-4668-BE54-9A1E7A4F7556}") = "FirstConsoleApp.VariablesDemo_MatiasNizzola", "ConsoleApp.VariablesDemo\FirstConsoleApp.VariablesDemo_MatiasNizzola.csproj", "{F5C3A7CF-9A6F-4A86-B0C1-42681A25DC4C}"
EndProject
Project("{9A19103F-16F7-4668-BE54-9A1E7A4F7556}") = "FirstConsoleApp.UserInputDemo_MatiasNizzola", "ConsoleApp.UserInputDemo\FirstConsoleApp.UserInputDemo_MatiasNizzola.csproj", "{FAA98A36-2530-4D4D-8F6D-227121819D95}"
EndProject
Global
	GlobalSection(SolutionConfigurationPlatforms) = preSolution
		Debug|Any CPU = Debug|Any CPU
		Release|Any CPU = Release|Any CPU
	EndGlobalSection
	GlobalSection(ProjectConfigurationPlatforms) = postSolution
		{E5279085-1757-4A7D-AD8D-FC893E1F7257}.Debug|Any CPU.ActiveCfg = Debug|Any CPU
		{E5279085-1757-4A7D-AD8D-FC893E1F7257}.Debug|Any CPU.Build.0 = Debug|Any CPU
		{E5279085-1757-4A7D-AD8D-FC893E1F7257}.Release|Any CPU.ActiveCfg = Release|Any CPU
		{E5279085-1757-4A7D-AD8D-FC893E1F7257}.Release|Any CPU.Build.0 = Release|Any CPU
		{F5C3A7CF-9A6F-4A86-B0C1-42681A25DC4C}.Debug|Any CPU.ActiveCfg = Debug|Any CPU
		{F5C3A7CF-9A6F-4A86-B0C1-42681A25DC4C}.Debug|Any CPU.Build.0 = Debug|Any CPU
		{F5C3A7CF-9A6F-4A86-B0C1-42681A25DC4C}.Release|Any CPU.ActiveCfg = Release|Any CPU
		{F5C3A7CF-9A6F-4A86-B0C1-42681A25DC4C}.Release|Any CPU.Build.0 = Release|Any CPU
		{FAA98A36-2530-4D4D-8F6D-227121819D95}.Debug|Any CPU.ActiveCfg = Debug|Any CPU
		{FAA98A36-2530-4D4D-8F6D-227121819D95}.Debug|Any CPU.Build.0 = Debug|Any CPU
		{FAA98A36-2530-4D4D-8F6D-227121819D95}.Release|Any CPU.ActiveCfg = Release|Any CPU
		{FAA98A36-2530-4D4D-8F6D-227121819D95}.Release|Any CPU.Build.0 = Release|Any CPU
	EndGlobalSection
	GlobalSection(SolutionProperties) = preSolution
		HideSolutionNode = FALSE
	EndGlobalSection
	GlobalSection(ExtensibilityGlobals) = postSolution
		SolutionGuid = {F4968C2F-0EB3-43CD-9367-DD0A912CF8BF}
	EndGlobalSection
EndGlobal
