
Microsoft Visual Studio Solution File, Format Version 12.00
# Visual Studio Version 17
VisualStudioVersion = 17.8.34525.116
MinimumVisualStudioVersion = 10.0.40219.1
Project("{9A19103F-16F7-4668-BE54-9A1E7A4F7556}") = "FirstConsoleApp.OutputDemo_MatiasNizzola", "FirstConsoleApp.OutputDemo_MatiasNizzola\FirstConsoleApp.OutputDemo_MatiasNizzola.csproj", "{0EF0EAD7-B84C-4C45-942C-C3AF87CB4D32}"
EndProject
Project("{9A19103F-16F7-4668-BE54-9A1E7A4F7556}") = "FirstConsoleApp.UserInputDemo_MatiasNizzola", "FirstConsoleApp.UserInputDemo_MatiasNizzola\FirstConsoleApp.UserInputDemo_MatiasNizzola.csproj", "{A7F0E2CF-A547-45CE-A403-FF3FD094E9A5}"
EndProject
Project("{9A19103F-16F7-4668-BE54-9A1E7A4F7556}") = "FirstConsoleApp.VariablesDemo_MatiasNizzola", "FirstConsoleApp.VariablesDemo_MatiasNizzola\FirstConsoleApp.VariablesDemo_MatiasNizzola.csproj", "{DD03A8B4-890F-4A62-AD03-8CDC539AFC5C}"
EndProject
Project("{9A19103F-16F7-4668-BE54-9A1E7A4F7556}") = "FirstConsoleApp.Errors_MatiasNizzola", "FirstConsoleApp.SyntaxErrors_MatiasNizzola\FirstConsoleApp.Errors_MatiasNizzola.csproj", "{1893C136-C887-46FA-B6A7-2E2ED6CF72BE}"
EndProject
Project("{9A19103F-16F7-4668-BE54-9A1E7A4F7556}") = "FirstConsoleApp.LogicErrors_MatiasNizzola", "FirstConsoleApp.LogicErrors_MatiasNizzola\FirstConsoleApp.LogicErrors_MatiasNizzola.csproj", "{17B573E7-6581-42BC-B5FD-37B2E271455C}"
EndProject
Project("{9A19103F-16F7-4668-BE54-9A1E7A4F7556}") = "FirstConsoleApp.Operators_MatiasNizzola", "FirstConsoleApp.ArithmeticOperators_MatiasNizzola\FirstConsoleApp.Operators_MatiasNizzola.csproj", "{EE4C24D8-99BB-43C2-B06F-E7BFDF54576D}"
EndProject
Global
	GlobalSection(SolutionConfigurationPlatforms) = preSolution
		Debug|Any CPU = Debug|Any CPU
		Release|Any CPU = Release|Any CPU
	EndGlobalSection
	GlobalSection(ProjectConfigurationPlatforms) = postSolution
		{0EF0EAD7-B84C-4C45-942C-C3AF87CB4D32}.Debug|Any CPU.ActiveCfg = Debug|Any CPU
		{0EF0EAD7-B84C-4C45-942C-C3AF87CB4D32}.Debug|Any CPU.Build.0 = Debug|Any CPU
		{0EF0EAD7-B84C-4C45-942C-C3AF87CB4D32}.Release|Any CPU.ActiveCfg = Release|Any CPU
		{0EF0EAD7-B84C-4C45-942C-C3AF87CB4D32}.Release|Any CPU.Build.0 = Release|Any CPU
		{A7F0E2CF-A547-45CE-A403-FF3FD094E9A5}.Debug|Any CPU.ActiveCfg = Debug|Any CPU
		{A7F0E2CF-A547-45CE-A403-FF3FD094E9A5}.Debug|Any CPU.Build.0 = Debug|Any CPU
		{A7F0E2CF-A547-45CE-A403-FF3FD094E9A5}.Release|Any CPU.ActiveCfg = Release|Any CPU
		{A7F0E2CF-A547-45CE-A403-FF3FD094E9A5}.Release|Any CPU.Build.0 = Release|Any CPU
		{DD03A8B4-890F-4A62-AD03-8CDC539AFC5C}.Debug|Any CPU.ActiveCfg = Debug|Any CPU
		{DD03A8B4-890F-4A62-AD03-8CDC539AFC5C}.Debug|Any CPU.Build.0 = Debug|Any CPU
		{DD03A8B4-890F-4A62-AD03-8CDC539AFC5C}.Release|Any CPU.ActiveCfg = Release|Any CPU
		{DD03A8B4-890F-4A62-AD03-8CDC539AFC5C}.Release|Any CPU.Build.0 = Release|Any CPU
		{1893C136-C887-46FA-B6A7-2E2ED6CF72BE}.Debug|Any CPU.ActiveCfg = Debug|Any CPU
		{1893C136-C887-46FA-B6A7-2E2ED6CF72BE}.Debug|Any CPU.Build.0 = Debug|Any CPU
		{1893C136-C887-46FA-B6A7-2E2ED6CF72BE}.Release|Any CPU.ActiveCfg = Release|Any CPU
		{1893C136-C887-46FA-B6A7-2E2ED6CF72BE}.Release|Any CPU.Build.0 = Release|Any CPU
		{17B573E7-6581-42BC-B5FD-37B2E271455C}.Debug|Any CPU.ActiveCfg = Debug|Any CPU
		{17B573E7-6581-42BC-B5FD-37B2E271455C}.Debug|Any CPU.Build.0 = Debug|Any CPU
		{17B573E7-6581-42BC-B5FD-37B2E271455C}.Release|Any CPU.ActiveCfg = Release|Any CPU
		{17B573E7-6581-42BC-B5FD-37B2E271455C}.Release|Any CPU.Build.0 = Release|Any CPU
		{EE4C24D8-99BB-43C2-B06F-E7BFDF54576D}.Debug|Any CPU.ActiveCfg = Debug|Any CPU
		{EE4C24D8-99BB-43C2-B06F-E7BFDF54576D}.Debug|Any CPU.Build.0 = Debug|Any CPU
		{EE4C24D8-99BB-43C2-B06F-E7BFDF54576D}.Release|Any CPU.ActiveCfg = Release|Any CPU
		{EE4C24D8-99BB-43C2-B06F-E7BFDF54576D}.Release|Any CPU.Build.0 = Release|Any CPU
	EndGlobalSection
	GlobalSection(SolutionProperties) = preSolution
		HideSolutionNode = FALSE
	EndGlobalSection
	GlobalSection(ExtensibilityGlobals) = postSolution
		SolutionGuid = {F4968C2F-0EB3-43CD-9367-DD0A912CF8BF}
	EndGlobalSection
EndGlobal
